// !$*UTF8*$!
{
	archiveVersion = 1;
	classes = {
	};
	objectVersion = 77;
	objects = {

/* Begin PBXContainerItemProxy section */
		D8B3F5092D60F925002188AA /* PBXContainerItemProxy */ = {
			isa = PBXContainerItemProxy;
			containerPortal = D8B3F4F02D60F924002188AA /* Project object */;
			proxyType = 1;
			remoteGlobalIDString = D8B3F4F72D60F924002188AA;
			remoteInfo = "surf-city-softball";
		};
		D8B3F5132D60F925002188AA /* PBXContainerItemProxy */ = {
			isa = PBXContainerItemProxy;
			containerPortal = D8B3F4F02D60F924002188AA /* Project object */;
			proxyType = 1;
			remoteGlobalIDString = D8B3F4F72D60F924002188AA;
			remoteInfo = "surf-city-softball";
		};
/* End PBXContainerItemProxy section */

/* Begin PBXFileReference section */
		D8B3F4F82D60F924002188AA /* surf-city-softball.app */ = {isa = PBXFileReference; explicitFileType = wrapper.application; includeInIndex = 0; path = "surf-city-softball.app"; sourceTree = BUILT_PRODUCTS_DIR; };
		D8B3F5082D60F925002188AA /* surf-city-softballTests.xctest */ = {isa = PBXFileReference; explicitFileType = wrapper.cfbundle; includeInIndex = 0; path = "surf-city-softballTests.xctest"; sourceTree = BUILT_PRODUCTS_DIR; };
		D8B3F5122D60F925002188AA /* surf-city-softballUITests.xctest */ = {isa = PBXFileReference; explicitFileType = wrapper.cfbundle; includeInIndex = 0; path = "surf-city-softballUITests.xctest"; sourceTree = BUILT_PRODUCTS_DIR; };
/* End PBXFileReference section */

/* Begin PBXFileSystemSynchronizedRootGroup section */
		D8B3F4FA2D60F924002188AA /* surf-city-softball */ = {
			isa = PBXFileSystemSynchronizedRootGroup;
			path = "surf-city-softball";
			sourceTree = "<group>";
		};
		D8B3F50B2D60F925002188AA /* surf-city-softballTests */ = {
			isa = PBXFileSystemSynchronizedRootGroup;
			path = "surf-city-softballTests";
			sourceTree = "<group>";
		};
		D8B3F5152D60F925002188AA /* surf-city-softballUITests */ = {
			isa = PBXFileSystemSynchronizedRootGroup;
			path = "surf-city-softballUITests";
			sourceTree = "<group>";
		};
/* End PBXFileSystemSynchronizedRootGroup section */

/* Begin PBXFrameworksBuildPhase section */
		D8B3F4F52D60F924002188AA /* Frameworks */ = {
			isa = PBXFrameworksBuildPhase;
			buildActionMask = 2147483647;
			files = (
			);
			runOnlyForDeploymentPostprocessing = 0;
		};
		D8B3F5052D60F925002188AA /* Frameworks */ = {
			isa = PBXFrameworksBuildPhase;
			buildActionMask = 2147483647;
			files = (
			);
			runOnlyForDeploymentPostprocessing = 0;
		};
		D8B3F50F2D60F925002188AA /* Frameworks */ = {
			isa = PBXFrameworksBuildPhase;
			buildActionMask = 2147483647;
			files = (
			);
			runOnlyForDeploymentPostprocessing = 0;
		};
/* End PBXFrameworksBuildPhase section */

/* Begin PBXGroup section */
		D8B3F4EF2D60F924002188AA = {
			isa = PBXGroup;
			children = (
				D8B3F4FA2D60F924002188AA /* surf-city-softball */,
				D8B3F50B2D60F925002188AA /* surf-city-softballTests */,
				D8B3F5152D60F925002188AA /* surf-city-softballUITests */,
				D8B3F4F92D60F924002188AA /* Products */,
			);
			sourceTree = "<group>";
		};
		D8B3F4F92D60F924002188AA /* Products */ = {
			isa = PBXGroup;
			children = (
				D8B3F4F82D60F924002188AA /* surf-city-softball.app */,
				D8B3F5082D60F925002188AA /* surf-city-softballTests.xctest */,
				D8B3F5122D60F925002188AA /* surf-city-softballUITests.xctest */,
			);
			name = Products;
			sourceTree = "<group>";
		};
/* End PBXGroup section */

/* Begin PBXNativeTarget section */
		D8B3F4F72D60F924002188AA /* surf-city-softball */ = {
			isa = PBXNativeTarget;
			buildConfigurationList = D8B3F51C2D60F925002188AA /* Build configuration list for PBXNativeTarget "surf-city-softball" */;
			buildPhases = (
				D8B3F4F42D60F924002188AA /* Sources */,
				D8B3F4F52D60F924002188AA /* Frameworks */,
				D8B3F4F62D60F924002188AA /* Resources */,
			);
			buildRules = (
			);
			dependencies = (
			);
			fileSystemSynchronizedGroups = (
				D8B3F4FA2D60F924002188AA /* surf-city-softball */,
			);
			name = "surf-city-softball";
			packageProductDependencies = (
			);
			productName = "surf-city-softball";
			productReference = D8B3F4F82D60F924002188AA /* surf-city-softball.app */;
			productType = "com.apple.product-type.application";
		};
		D8B3F5072D60F925002188AA /* surf-city-softballTests */ = {
			isa = PBXNativeTarget;
			buildConfigurationList = D8B3F51F2D60F925002188AA /* Build configuration list for PBXNativeTarget "surf-city-softballTests" */;
			buildPhases = (
				D8B3F5042D60F925002188AA /* Sources */,
				D8B3F5052D60F925002188AA /* Frameworks */,
				D8B3F5062D60F925002188AA /* Resources */,
			);
			buildRules = (
			);
			dependencies = (
				D8B3F50A2D60F925002188AA /* PBXTargetDependency */,
			);
			fileSystemSynchronizedGroups = (
				D8B3F50B2D60F925002188AA /* surf-city-softballTests */,
			);
			name = "surf-city-softballTests";
			packageProductDependencies = (
			);
			productName = "surf-city-softballTests";
			productReference = D8B3F5082D60F925002188AA /* surf-city-softballTests.xctest */;
			productType = "com.apple.product-type.bundle.unit-test";
		};
		D8B3F5112D60F925002188AA /* surf-city-softballUITests */ = {
			isa = PBXNativeTarget;
			buildConfigurationList = D8B3F5222D60F925002188AA /* Build configuration list for PBXNativeTarget "surf-city-softballUITests" */;
			buildPhases = (
				D8B3F50E2D60F925002188AA /* Sources */,
				D8B3F50F2D60F925002188AA /* Frameworks */,
				D8B3F5102D60F925002188AA /* Resources */,
			);
			buildRules = (
			);
			dependencies = (
				D8B3F5142D60F925002188AA /* PBXTargetDependency */,
			);
			fileSystemSynchronizedGroups = (
				D8B3F5152D60F925002188AA /* surf-city-softballUITests */,
			);
			name = "surf-city-softballUITests";
			packageProductDependencies = (
			);
			productName = "surf-city-softballUITests";
			productReference = D8B3F5122D60F925002188AA /* surf-city-softballUITests.xctest */;
			productType = "com.apple.product-type.bundle.ui-testing";
		};
/* End PBXNativeTarget section */

/* Begin PBXProject section */
		D8B3F4F02D60F924002188AA /* Project object */ = {
			isa = PBXProject;
			attributes = {
				BuildIndependentTargetsInParallel = 1;
				LastSwiftUpdateCheck = 1620;
				LastUpgradeCheck = 1620;
				TargetAttributes = {
					D8B3F4F72D60F924002188AA = {
						CreatedOnToolsVersion = 16.2;
					};
					D8B3F5072D60F925002188AA = {
						CreatedOnToolsVersion = 16.2;
						TestTargetID = D8B3F4F72D60F924002188AA;
					};
					D8B3F5112D60F925002188AA = {
						CreatedOnToolsVersion = 16.2;
						TestTargetID = D8B3F4F72D60F924002188AA;
					};
				};
			};
			buildConfigurationList = D8B3F4F32D60F924002188AA /* Build configuration list for PBXProject "surf-city-softball" */;
			developmentRegion = en;
			hasScannedForEncodings = 0;
			knownRegions = (
				en,
				Base,
			);
			mainGroup = D8B3F4EF2D60F924002188AA;
			minimizedProjectReferenceProxies = 1;
			preferredProjectObjectVersion = 77;
			productRefGroup = D8B3F4F92D60F924002188AA /* Products */;
			projectDirPath = "";
			projectRoot = "";
			targets = (
				D8B3F4F72D60F924002188AA /* surf-city-softball */,
				D8B3F5072D60F925002188AA /* surf-city-softballTests */,
				D8B3F5112D60F925002188AA /* surf-city-softballUITests */,
			);
		};
/* End PBXProject section */

/* Begin PBXResourcesBuildPhase section */
		D8B3F4F62D60F924002188AA /* Resources */ = {
			isa = PBXResourcesBuildPhase;
			buildActionMask = 2147483647;
			files = (
			);
			runOnlyForDeploymentPostprocessing = 0;
		};
		D8B3F5062D60F925002188AA /* Resources */ = {
			isa = PBXResourcesBuildPhase;
			buildActionMask = 2147483647;
			files = (
			);
			runOnlyForDeploymentPostprocessing = 0;
		};
		D8B3F5102D60F925002188AA /* Resources */ = {
			isa = PBXResourcesBuildPhase;
			buildActionMask = 2147483647;
			files = (
			);
			runOnlyForDeploymentPostprocessing = 0;
		};
/* End PBXResourcesBuildPhase section */

/* Begin PBXSourcesBuildPhase section */
		D8B3F4F42D60F924002188AA /* Sources */ = {
			isa = PBXSourcesBuildPhase;
			buildActionMask = 2147483647;
			files = (
			);
			runOnlyForDeploymentPostprocessing = 0;
		};
		D8B3F5042D60F925002188AA /* Sources */ = {
			isa = PBXSourcesBuildPhase;
			buildActionMask = 2147483647;
			files = (
			);
			runOnlyForDeploymentPostprocessing = 0;
		};
		D8B3F50E2D60F925002188AA /* Sources */ = {
			isa = PBXSourcesBuildPhase;
			buildActionMask = 2147483647;
			files = (
			);
			runOnlyForDeploymentPostprocessing = 0;
		};
/* End PBXSourcesBuildPhase section */

/* Begin PBXTargetDependency section */
		D8B3F50A2D60F925002188AA /* PBXTargetDependency */ = {
			isa = PBXTargetDependency;
			target = D8B3F4F72D60F924002188AA /* surf-city-softball */;
			targetProxy = D8B3F5092D60F925002188AA /* PBXContainerItemProxy */;
		};
		D8B3F5142D60F925002188AA /* PBXTargetDependency */ = {
			isa = PBXTargetDependency;
			target = D8B3F4F72D60F924002188AA /* surf-city-softball */;
			targetProxy = D8B3F5132D60F925002188AA /* PBXContainerItemProxy */;
		};
/* End PBXTargetDependency section */

/* Begin XCBuildConfiguration section */
		D8B3F51A2D60F925002188AA /* Debug */ = {
			isa = XCBuildConfiguration;
			buildSettings = {
				ALWAYS_SEARCH_USER_PATHS = NO;
				ASSETCATALOG_COMPILER_GENERATE_SWIFT_ASSET_SYMBOL_EXTENSIONS = YES;
				CLANG_ANALYZER_NONNULL = YES;
				CLANG_ANALYZER_NUMBER_OBJECT_CONVERSION = YES_AGGRESSIVE;
				CLANG_CXX_LANGUAGE_STANDARD = "gnu++20";
				CLANG_ENABLE_MODULES = YES;
				CLANG_ENABLE_OBJC_ARC = YES;
				CLANG_ENABLE_OBJC_WEAK = YES;
				CLANG_WARN_BLOCK_CAPTURE_AUTORELEASING = YES;
				CLANG_WARN_BOOL_CONVERSION = YES;
				CLANG_WARN_COMMA = YES;
				CLANG_WARN_CONSTANT_CONVERSION = YES;
				CLANG_WARN_DEPRECATED_OBJC_IMPLEMENTATIONS = YES;
				CLANG_WARN_DIRECT_OBJC_ISA_USAGE = YES_ERROR;
				CLANG_WARN_DOCUMENTATION_COMMENTS = YES;
				CLANG_WARN_EMPTY_BODY = YES;
				CLANG_WARN_ENUM_CONVERSION = YES;
				CLANG_WARN_INFINITE_RECURSION = YES;
				CLANG_WARN_INT_CONVERSION = YES;
				CLANG_WARN_NON_LITERAL_NULL_CONVERSION = YES;
				CLANG_WARN_OBJC_IMPLICIT_RETAIN_SELF = YES;
				CLANG_WARN_OBJC_LITERAL_CONVERSION = YES;
				CLANG_WARN_OBJC_ROOT_CLASS = YES_ERROR;
				CLANG_WARN_QUOTED_INCLUDE_IN_FRAMEWORK_HEADER = YES;
				CLANG_WARN_RANGE_LOOP_ANALYSIS = YES;
				CLANG_WARN_STRICT_PROTOTYPES = YES;
				CLANG_WARN_SUSPICIOUS_MOVE = YES;
				CLANG_WARN_UNGUARDED_AVAILABILITY = YES_AGGRESSIVE;
				CLANG_WARN_UNREACHABLE_CODE = YES;
				CLANG_WARN__DUPLICATE_METHOD_MATCH = YES;
				COPY_PHASE_STRIP = NO;
				DEBUG_INFORMATION_FORMAT = dwarf;
				ENABLE_STRICT_OBJC_MSGSEND = YES;
				ENABLE_TESTABILITY = YES;
				ENABLE_USER_SCRIPT_SANDBOXING = YES;
				GCC_C_LANGUAGE_STANDARD = gnu17;
				GCC_DYNAMIC_NO_PIC = NO;
				GCC_NO_COMMON_BLOCKS = YES;
				GCC_OPTIMIZATION_LEVEL = 0;
				GCC_PREPROCESSOR_DEFINITIONS = (
					"DEBUG=1",
					"$(inherited)",
				);
				GCC_WARN_64_TO_32_BIT_CONVERSION = YES;
				GCC_WARN_ABOUT_RETURN_TYPE = YES_ERROR;
				GCC_WARN_UNDECLARED_SELECTOR = YES;
				GCC_WARN_UNINITIALIZED_AUTOS = YES_AGGRESSIVE;
				GCC_WARN_UNUSED_FUNCTION = YES;
				GCC_WARN_UNUSED_VARIABLE = YES;
				IPHONEOS_DEPLOYMENT_TARGET = 18.2;
				LOCALIZATION_PREFERS_STRING_CATALOGS = YES;
				MTL_ENABLE_DEBUG_INFO = INCLUDE_SOURCE;
				MTL_FAST_MATH = YES;
				ONLY_ACTIVE_ARCH = YES;
				SDKROOT = iphoneos;
				SWIFT_ACTIVE_COMPILATION_CONDITIONS = "DEBUG $(inherited)";
				SWIFT_OPTIMIZATION_LEVEL = "-Onone";
			};
			name = Debug;
		};
		D8B3F51B2D60F925002188AA /* Release */ = {
			isa = XCBuildConfiguration;
			buildSettings = {
				ALWAYS_SEARCH_USER_PATHS = NO;
				ASSETCATALOG_COMPILER_GENERATE_SWIFT_ASSET_SYMBOL_EXTENSIONS = YES;
				CLANG_ANALYZER_NONNULL = YES;
				CLANG_ANALYZER_NUMBER_OBJECT_CONVERSION = YES_AGGRESSIVE;
				CLANG_CXX_LANGUAGE_STANDARD = "gnu++20";
				CLANG_ENABLE_MODULES = YES;
				CLANG_ENABLE_OBJC_ARC = YES;
				CLANG_ENABLE_OBJC_WEAK = YES;
				CLANG_WARN_BLOCK_CAPTURE_AUTORELEASING = YES;
				CLANG_WARN_BOOL_CONVERSION = YES;
				CLANG_WARN_COMMA = YES;
				CLANG_WARN_CONSTANT_CONVERSION = YES;
				CLANG_WARN_DEPRECATED_OBJC_IMPLEMENTATIONS = YES;
				CLANG_WARN_DIRECT_OBJC_ISA_USAGE = YES_ERROR;
				CLANG_WARN_DOCUMENTATION_COMMENTS = YES;
				CLANG_WARN_EMPTY_BODY = YES;
				CLANG_WARN_ENUM_CONVERSION = YES;
				CLANG_WARN_INFINITE_RECURSION = YES;
				CLANG_WARN_INT_CONVERSION = YES;
				CLANG_WARN_NON_LITERAL_NULL_CONVERSION = YES;
				CLANG_WARN_OBJC_IMPLICIT_RETAIN_SELF = YES;
				CLANG_WARN_OBJC_LITERAL_CONVERSION = YES;
				CLANG_WARN_OBJC_ROOT_CLASS = YES_ERROR;
				CLANG_WARN_QUOTED_INCLUDE_IN_FRAMEWORK_HEADER = YES;
				CLANG_WARN_RANGE_LOOP_ANALYSIS = YES;
				CLANG_WARN_STRICT_PROTOTYPES = YES;
				CLANG_WARN_SUSPICIOUS_MOVE = YES;
				CLANG_WARN_UNGUARDED_AVAILABILITY = YES_AGGRESSIVE;
				CLANG_WARN_UNREACHABLE_CODE = YES;
				CLANG_WARN__DUPLICATE_METHOD_MATCH = YES;
				COPY_PHASE_STRIP = NO;
				DEBUG_INFORMATION_FORMAT = "dwarf-with-dsym";
				ENABLE_NS_ASSERTIONS = NO;
				ENABLE_STRICT_OBJC_MSGSEND = YES;
				ENABLE_USER_SCRIPT_SANDBOXING = YES;
				GCC_C_LANGUAGE_STANDARD = gnu17;
				GCC_NO_COMMON_BLOCKS = YES;
				GCC_WARN_64_TO_32_BIT_CONVERSION = YES;
				GCC_WARN_ABOUT_RETURN_TYPE = YES_ERROR;
				GCC_WARN_UNDECLARED_SELECTOR = YES;
				GCC_WARN_UNINITIALIZED_AUTOS = YES_AGGRESSIVE;
				GCC_WARN_UNUSED_FUNCTION = YES;
				GCC_WARN_UNUSED_VARIABLE = YES;
				IPHONEOS_DEPLOYMENT_TARGET = 18.2;
				LOCALIZATION_PREFERS_STRING_CATALOGS = YES;
				MTL_ENABLE_DEBUG_INFO = NO;
				MTL_FAST_MATH = YES;
				SDKROOT = iphoneos;
				SWIFT_COMPILATION_MODE = wholemodule;
				VALIDATE_PRODUCT = YES;
			};
			name = Release;
		};
		D8B3F51D2D60F925002188AA /* Debug */ = {
			isa = XCBuildConfiguration;
			buildSettings = {
				ASSETCATALOG_COMPILER_APPICON_NAME = AppIcon;
				ASSETCATALOG_COMPILER_GLOBAL_ACCENT_COLOR_NAME = AccentColor;
				CODE_SIGN_STYLE = Automatic;
				CURRENT_PROJECT_VERSION = 1;
				DEVELOPMENT_ASSET_PATHS = "\"surf-city-softball/Preview Content\"";
				DEVELOPMENT_TEAM = 8Y4Y9DRKFC;
				ENABLE_PREVIEWS = YES;
				GENERATE_INFOPLIST_FILE = YES;
				INFOPLIST_KEY_UIApplicationSceneManifest_Generation = YES;
				INFOPLIST_KEY_UIApplicationSupportsIndirectInputEvents = YES;
				INFOPLIST_KEY_UILaunchScreen_Generation = YES;
				INFOPLIST_KEY_UISupportedInterfaceOrientations_iPad = "UIInterfaceOrientationPortrait UIInterfaceOrientationPortraitUpsideDown UIInterfaceOrientationLandscapeLeft UIInterfaceOrientationLandscapeRight";
				INFOPLIST_KEY_UISupportedInterfaceOrientations_iPhone = "UIInterfaceOrientationPortrait UIInterfaceOrientationLandscapeLeft UIInterfaceOrientationLandscapeRight";
				LD_RUNPATH_SEARCH_PATHS = (
					"$(inherited)",
					"@executable_path/Frameworks",
				);
				MARKETING_VERSION = 1.0;
				PRODUCT_BUNDLE_IDENTIFIER = "wedge.surf-city-softball";
				PRODUCT_NAME = "$(TARGET_NAME)";
				SWIFT_EMIT_LOC_STRINGS = YES;
				SWIFT_VERSION = 5.0;
				TARGETED_DEVICE_FAMILY = "1,2";
			};
			name = Debug;
		};
		D8B3F51E2D60F925002188AA /* Release */ = {
			isa = XCBuildConfiguration;
			buildSettings = {
				ASSETCATALOG_COMPILER_APPICON_NAME = AppIcon;
				ASSETCATALOG_COMPILER_GLOBAL_ACCENT_COLOR_NAME = AccentColor;
				CODE_SIGN_STYLE = Automatic;
				CURRENT_PROJECT_VERSION = 1;
				DEVELOPMENT_ASSET_PATHS = "\"surf-city-softball/Preview Content\"";
				DEVELOPMENT_TEAM = 8Y4Y9DRKFC;
				ENABLE_PREVIEWS = YES;
				GENERATE_INFOPLIST_FILE = YES;
				INFOPLIST_KEY_UIApplicationSceneManifest_Generation = YES;
				INFOPLIST_KEY_UIApplicationSupportsIndirectInputEvents = YES;
				INFOPLIST_KEY_UILaunchScreen_Generation = YES;
				INFOPLIST_KEY_UISupportedInterfaceOrientations_iPad = "UIInterfaceOrientationPortrait UIInterfaceOrientationPortraitUpsideDown UIInterfaceOrientationLandscapeLeft UIInterfaceOrientationLandscapeRight";
				INFOPLIST_KEY_UISupportedInterfaceOrientations_iPhone = "UIInterfaceOrientationPortrait UIInterfaceOrientationLandscapeLeft UIInterfaceOrientationLandscapeRight";
				LD_RUNPATH_SEARCH_PATHS = (
					"$(inherited)",
					"@executable_path/Frameworks",
				);
				MARKETING_VERSION = 1.0;
				PRODUCT_BUNDLE_IDENTIFIER = "wedge.surf-city-softball";
				PRODUCT_NAME = "$(TARGET_NAME)";
				SWIFT_EMIT_LOC_STRINGS = YES;
				SWIFT_VERSION = 5.0;
				TARGETED_DEVICE_FAMILY = "1,2";
			};
			name = Release;
		};
		D8B3F5202D60F925002188AA /* Debug */ = {
			isa = XCBuildConfiguration;
			buildSettings = {
				BUNDLE_LOADER = "$(TEST_HOST)";
				CODE_SIGN_STYLE = Automatic;
				CURRENT_PROJECT_VERSION = 1;
				DEVELOPMENT_TEAM = 8Y4Y9DRKFC;
				GENERATE_INFOPLIST_FILE = YES;
				IPHONEOS_DEPLOYMENT_TARGET = 18.2;
				MARKETING_VERSION = 1.0;
				PRODUCT_BUNDLE_IDENTIFIER = "wedge.surf-city-softballTests";
				PRODUCT_NAME = "$(TARGET_NAME)";
				SWIFT_EMIT_LOC_STRINGS = NO;
				SWIFT_VERSION = 5.0;
				TARGETED_DEVICE_FAMILY = "1,2";
				TEST_HOST = "$(BUILT_PRODUCTS_DIR)/surf-city-softball.app/$(BUNDLE_EXECUTABLE_FOLDER_PATH)/surf-city-softball";
			};
			name = Debug;
		};
		D8B3F5212D60F925002188AA /* Release */ = {
			isa = XCBuildConfiguration;
			buildSettings = {
				BUNDLE_LOADER = "$(TEST_HOST)";
				CODE_SIGN_STYLE = Automatic;
				CURRENT_PROJECT_VERSION = 1;
				DEVELOPMENT_TEAM = 8Y4Y9DRKFC;
				GENERATE_INFOPLIST_FILE = YES;
				IPHONEOS_DEPLOYMENT_TARGET = 18.2;
				MARKETING_VERSION = 1.0;
				PRODUCT_BUNDLE_IDENTIFIER = "wedge.surf-city-softballTests";
				PRODUCT_NAME = "$(TARGET_NAME)";
				SWIFT_EMIT_LOC_STRINGS = NO;
				SWIFT_VERSION = 5.0;
				TARGETED_DEVICE_FAMILY = "1,2";
				TEST_HOST = "$(BUILT_PRODUCTS_DIR)/surf-city-softball.app/$(BUNDLE_EXECUTABLE_FOLDER_PATH)/surf-city-softball";
			};
			name = Release;
		};
		D8B3F5232D60F925002188AA /* Debug */ = {
			isa = XCBuildConfiguration;
			buildSettings = {
				CODE_SIGN_STYLE = Automatic;
				CURRENT_PROJECT_VERSION = 1;
				DEVELOPMENT_TEAM = 8Y4Y9DRKFC;
				GENERATE_INFOPLIST_FILE = YES;
				MARKETING_VERSION = 1.0;
				PRODUCT_BUNDLE_IDENTIFIER = "wedge.surf-city-softballUITests";
				PRODUCT_NAME = "$(TARGET_NAME)";
				SWIFT_EMIT_LOC_STRINGS = NO;
				SWIFT_VERSION = 5.0;
				TARGETED_DEVICE_FAMILY = "1,2";
				TEST_TARGET_NAME = "surf-city-softball";
			};
			name = Debug;
		};
		D8B3F5242D60F925002188AA /* Release */ = {
			isa = XCBuildConfiguration;
			buildSettings = {
				CODE_SIGN_STYLE = Automatic;
				CURRENT_PROJECT_VERSION = 1;
				DEVELOPMENT_TEAM = 8Y4Y9DRKFC;
				GENERATE_INFOPLIST_FILE = YES;
				MARKETING_VERSION = 1.0;
				PRODUCT_BUNDLE_IDENTIFIER = "wedge.surf-city-softballUITests";
				PRODUCT_NAME = "$(TARGET_NAME)";
				SWIFT_EMIT_LOC_STRINGS = NO;
				SWIFT_VERSION = 5.0;
				TARGETED_DEVICE_FAMILY = "1,2";
				TEST_TARGET_NAME = "surf-city-softball";
			};
			name = Release;
		};
/* End XCBuildConfiguration section */

/* Begin XCConfigurationList section */
		D8B3F4F32D60F924002188AA /* Build configuration list for PBXProject "surf-city-softball" */ = {
			isa = XCConfigurationList;
			buildConfigurations = (
				D8B3F51A2D60F925002188AA /* Debug */,
				D8B3F51B2D60F925002188AA /* Release */,
			);
			defaultConfigurationIsVisible = 0;
			defaultConfigurationName = Release;
		};
		D8B3F51C2D60F925002188AA /* Build configuration list for PBXNativeTarget "surf-city-softball" */ = {
			isa = XCConfigurationList;
			buildConfigurations = (
				D8B3F51D2D60F925002188AA /* Debug */,
				D8B3F51E2D60F925002188AA /* Release */,
			);
			defaultConfigurationIsVisible = 0;
			defaultConfigurationName = Release;
		};
		D8B3F51F2D60F925002188AA /* Build configuration list for PBXNativeTarget "surf-city-softballTests" */ = {
			isa = XCConfigurationList;
			buildConfigurations = (
				D8B3F5202D60F925002188AA /* Debug */,
				D8B3F5212D60F925002188AA /* Release */,
			);
			defaultConfigurationIsVisible = 0;
			defaultConfigurationName = Release;
		};
		D8B3F5222D60F925002188AA /* Build configuration list for PBXNativeTarget "surf-city-softballUITests" */ = {
			isa = XCConfigurationList;
			buildConfigurations = (
				D8B3F5232D60F925002188AA /* Debug */,
				D8B3F5242D60F925002188AA /* Release */,
			);
			defaultConfigurationIsVisible = 0;
			defaultConfigurationName = Release;
		};
/* End XCConfigurationList section */
	};
	rootObject = D8B3F4F02D60F924002188AA /* Project object */;
}
